<?xml version="1.0" encoding="utf-8"?>
<Project ToolsVersion="4.0" xmlns="http://schemas.microsoft.com/developer/msbuild/2003">
  <ItemGroup>
    <ClCompile Include="Component\ComponentBase.cpp">
      <Filter>Source Files</Filter>
    </ClCompile>
    <ClCompile Include="Component\ComponentGraphic.cpp">
      <Filter>Source Files</Filter>
    </ClCompile>
    <ClCompile Include="Component\ComponentManagerBase.cpp">
      <Filter>Source Files</Filter>
    </ClCompile>
    <ClCompile Include="Component\ComponentProject.cpp">
      <Filter>Source Files</Filter>
    </ClCompile>
    <ClCompile Include="Component\ComponentProxyManager.cpp">
      <Filter>Source Files</Filter>
    </ClCompile>
    <ClCompile Include="DependencyDescription.cpp">
      <Filter>Source Files</Filter>
    </ClCompile>
    <ClCompile Include="DependencyDescriptionLine.cpp">
      <Filter>Source Files</Filter>
    </ClCompile>
    <ClCompile Include="Property\PropertyDescriptionBase.cpp">
      <Filter>Source Files</Filter>
    </ClCompile>
    <ClCompile Include="stdafx.cpp">
      <Filter>Source Files</Filter>
    </ClCompile>
    <ClCompile Include="Component\ComponentProxy.cpp">
      <Filter>Source Files</Filter>
    </ClCompile>
    <ClCompile Include="Component\ComponentInstance.cpp">
      <Filter>Source Files</Filter>
    </ClCompile>
    <ClCompile Include="Component\ComponentInstanceManager.cpp">
      <Filter>Source Files</Filter>
    </ClCompile>
    <ClCompile Include="Component\ComponentProjectDirectory.cpp">
      <Filter>Source Files</Filter>
    </ClCompile>
  </ItemGroup>
  <ItemGroup>
    <ClInclude Include="Component\ComponentBase.h">
      <Filter>Header Files</Filter>
    </ClInclude>
    <ClInclude Include="Component\ComponentGraphic.h">
      <Filter>Header Files</Filter>
    </ClInclude>
    <ClInclude Include="Component\ComponentManagerBase.h">
      <Filter>Header Files</Filter>
    </ClInclude>
    <ClInclude Include="Component\ComponentProject.h">
      <Filter>Header Files</Filter>
    </ClInclude>
    <ClInclude Include="Component\ComponentProxyManager.h">
      <Filter>Header Files</Filter>
    </ClInclude>
    <ClInclude Include="ComponentPublic.h">
      <Filter>Header Files</Filter>
    </ClInclude>
    <ClInclude Include="DependencyDescription.h">
      <Filter>Header Files</Filter>
    </ClInclude>
    <ClInclude Include="DependencyDescriptionLine.h">
      <Filter>Header Files</Filter>
    </ClInclude>
    <ClInclude Include="expdef.h">
      <Filter>Header Files</Filter>
    </ClInclude>
    <ClInclude Include="Property\PropertyDescriptionBase.h">
      <Filter>Header Files</Filter>
    </ClInclude>
    <ClInclude Include="Property\PropertyPublic.h">
      <Filter>Header Files</Filter>
    </ClInclude>
    <ClInclude Include="stdafx.h">
      <Filter>Header Files</Filter>
    </ClInclude>
    <ClInclude Include="Component\ComponentProxy.h">
      <Filter>Header Files</Filter>
    </ClInclude>
    <ClInclude Include="Component\ComponentInstance.h">
      <Filter>Header Files</Filter>
    </ClInclude>
    <ClInclude Include="Component\ComponentInstanceManager.h">
      <Filter>Header Files</Filter>
    </ClInclude>
    <ClInclude Include="ComponentLauncher.h">
      <Filter>Header Files</Filter>
    </ClInclude>
    <ClInclude Include="Component\ComponentProjectDirectory.h">
      <Filter>Header Files</Filter>
    </ClInclude>
  </ItemGroup>
  <ItemGroup>
    <Filter Include="Source Files">
      <UniqueIdentifier>{7FABFEC0-A16D-4F46-A78B-971E44EBA4DC}</UniqueIdentifier>
    </Filter>
    <Filter Include="Header Files">
      <UniqueIdentifier>{B720C5ED-7601-4F14-BE12-20AF7D468C3A}</UniqueIdentifier>
    </Filter>
  </ItemGroup>
</Project>