<?xml version="1.0" encoding="utf-8"?>
<Project ToolsVersion="4.0" xmlns="http://schemas.microsoft.com/developer/msbuild/2003">
  <ItemGroup>
    <ClCompile Include="EnumStrGenerator\EnumStrGenerator.cpp">
      <Filter>EnumStrGenerator</Filter>
    </ClCompile>
    <ClCompile Include="FileEncoder\BytesFlipEncoder.cpp">
      <Filter>FileEncoder</Filter>
    </ClCompile>
    <ClCompile Include="FileEncoder\BytesOrderEncoder.cpp">
      <Filter>FileEncoder</Filter>
    </ClCompile>
    <ClCompile Include="FileEncoder\FileEncoderBase.cpp">
      <Filter>FileEncoder</Filter>
    </ClCompile>
    <ClCompile Include="FileFilter\FileFilter.cpp">
      <Filter>FileFilter</Filter>
    </ClCompile>
    <ClCompile Include="IdManager\IdManager.cpp">
      <Filter>IdManager</Filter>
    </ClCompile>
    <ClCompile Include="MailManager\base64.cpp">
      <Filter>MailManager</Filter>
    </ClCompile>
    <ClCompile Include="MailManager\MailManager.cpp">
      <Filter>MailManager</Filter>
    </ClCompile>
    <ClCompile Include="Math\Matrix3.cpp">
      <Filter>Math</Filter>
    </ClCompile>
    <ClCompile Include="Math\Matrix4.cpp">
      <Filter>Math</Filter>
    </ClCompile>
    <ClCompile Include="Math\Vector2.cpp">
      <Filter>Math</Filter>
    </ClCompile>
    <ClCompile Include="Math\Vector3.cpp">
      <Filter>Math</Filter>
    </ClCompile>
    <ClCompile Include="Math\Vector4.cpp">
      <Filter>Math</Filter>
    </ClCompile>
    <ClCompile Include="MD5\md5.cpp">
      <Filter>MD5</Filter>
    </ClCompile>
    <ClCompile Include="Serializer\Serializer.cpp">
      <Filter>Serializer</Filter>
    </ClCompile>
    <ClCompile Include="ServiceManager\ServiceManager.cpp">
      <Filter>ServiceManager</Filter>
    </ClCompile>
    <ClCompile Include="stdafx.cpp" />
    <ClCompile Include="StringHelper\StringHelper.cpp">
      <Filter>StringHelper</Filter>
    </ClCompile>
    <ClCompile Include="TinyXML\tinystr.cpp">
      <Filter>TinyXML</Filter>
    </ClCompile>
    <ClCompile Include="TinyXML\tinyxml.cpp">
      <Filter>TinyXML</Filter>
    </ClCompile>
    <ClCompile Include="TinyXML\tinyxmlerror.cpp">
      <Filter>TinyXML</Filter>
    </ClCompile>
    <ClCompile Include="TinyXML\tinyxmlparser.cpp">
      <Filter>TinyXML</Filter>
    </ClCompile>
    <ClCompile Include="UtilityManager.cpp" />
    <ClCompile Include="FilePath\FilePathTool.cpp">
      <Filter>FilePath</Filter>
    </ClCompile>
    <ClCompile Include="FilePath\Platform\Win32\FilePathTool_Win32.cpp">
      <Filter>FilePath</Filter>
    </ClCompile>
  </ItemGroup>
  <ItemGroup>
    <ClInclude Include="EnumStrGenerator\EnumStrGenerator.h">
      <Filter>EnumStrGenerator</Filter>
    </ClInclude>
    <ClInclude Include="FileEncoder\BytesFlipEncoder.h">
      <Filter>FileEncoder</Filter>
    </ClInclude>
    <ClInclude Include="FileEncoder\BytesOrderEncoder.h">
      <Filter>FileEncoder</Filter>
    </ClInclude>
    <ClInclude Include="FileEncoder\FileEncoderBase.h">
      <Filter>FileEncoder</Filter>
    </ClInclude>
    <ClInclude Include="FileFilter\FileFilter.h">
      <Filter>FileFilter</Filter>
    </ClInclude>
    <ClInclude Include="IdManager\IdManager.h">
      <Filter>IdManager</Filter>
    </ClInclude>
    <ClInclude Include="MailManager\base64.h">
      <Filter>MailManager</Filter>
    </ClInclude>
    <ClInclude Include="MailManager\MailManager.h">
      <Filter>MailManager</Filter>
    </ClInclude>
    <ClInclude Include="Math\MathPublic.h">
      <Filter>Math</Filter>
    </ClInclude>
    <ClInclude Include="Math\Matrix3.h">
      <Filter>Math</Filter>
    </ClInclude>
    <ClInclude Include="Math\Matrix4.h">
      <Filter>Math</Filter>
    </ClInclude>
    <ClInclude Include="Math\Vector2.h">
      <Filter>Math</Filter>
    </ClInclude>
    <ClInclude Include="Math\Vector3.h">
      <Filter>Math</Filter>
    </ClInclude>
    <ClInclude Include="Math\Vector4.h">
      <Filter>Math</Filter>
    </ClInclude>
    <ClInclude Include="MD5\md5.h">
      <Filter>MD5</Filter>
    </ClInclude>
    <ClInclude Include="Serializer\Serializer.h">
      <Filter>Serializer</Filter>
    </ClInclude>
    <ClInclude Include="ServiceManager\ServiceManager.h">
      <Filter>ServiceManager</Filter>
    </ClInclude>
    <ClInclude Include="SharePtr\SharePtr.h">
      <Filter>SharePtr</Filter>
    </ClInclude>
    <ClInclude Include="stdafx.h" />
    <ClInclude Include="StringHelper\StringHelper.h">
      <Filter>StringHelper</Filter>
    </ClInclude>
    <ClInclude Include="TinyXML\tinystr.h">
      <Filter>TinyXML</Filter>
    </ClInclude>
    <ClInclude Include="TinyXML\tinyxml.h">
      <Filter>TinyXML</Filter>
    </ClInclude>
    <ClInclude Include="UtilityManager.h" />
    <ClInclude Include="Serializer\Serializer.hpp">
      <Filter>Serializer</Filter>
    </ClInclude>
    <ClInclude Include="FilePath\FilePathTool.h">
      <Filter>FilePath</Filter>
    </ClInclude>
  </ItemGroup>
  <ItemGroup>
    <Filter Include="EnumStrGenerator">
      <UniqueIdentifier>{F1C8A173-F6D7-4FB9-B45C-7FE8173F5C53}</UniqueIdentifier>
    </Filter>
    <Filter Include="FileEncoder">
      <UniqueIdentifier>{6732C45B-443C-4E7D-8A3A-AFDC10CACE20}</UniqueIdentifier>
    </Filter>
    <Filter Include="FileFilter">
      <UniqueIdentifier>{97E8F488-CF26-451E-A1AB-6DDC4853B044}</UniqueIdentifier>
    </Filter>
    <Filter Include="IdManager">
      <UniqueIdentifier>{B6FF7E6B-1088-4D71-BCE6-3B83E9034ED2}</UniqueIdentifier>
    </Filter>
    <Filter Include="MailManager">
      <UniqueIdentifier>{3AF1CC59-C34F-47E3-8458-D6417AF0FF1B}</UniqueIdentifier>
    </Filter>
    <Filter Include="Math">
      <UniqueIdentifier>{9CD9C212-2EA3-4B94-9018-D2FEBA6A9D34}</UniqueIdentifier>
    </Filter>
    <Filter Include="MD5">
      <UniqueIdentifier>{E2244AA3-B268-493A-A237-F50F7E3BD8A4}</UniqueIdentifier>
    </Filter>
    <Filter Include="Serializer">
      <UniqueIdentifier>{B6921939-8568-4CB5-A4BC-522A52884C53}</UniqueIdentifier>
    </Filter>
    <Filter Include="ServiceManager">
      <UniqueIdentifier>{A4F6ACAC-489E-4FF1-9362-FAA743AAB6A1}</UniqueIdentifier>
    </Filter>
    <Filter Include="StringHelper">
      <UniqueIdentifier>{E55F377F-2C57-418B-B1B4-0A91EF2A66FE}</UniqueIdentifier>
    </Filter>
    <Filter Include="TinyXML">
      <UniqueIdentifier>{0C026A9D-9B26-4256-89FD-7F9B2CA8E9EC}</UniqueIdentifier>
    </Filter>
    <Filter Include="SharePtr">
      <UniqueIdentifier>{18851E76-626D-42CA-9546-0F41563495D5}</UniqueIdentifier>
    </Filter>
    <Filter Include="FilePath">
      <UniqueIdentifier>{ec5db718-4d7b-4a4c-b3b8-7abef9c37168}</UniqueIdentifier>
    </Filter>
  </ItemGroup>
</Project>