<?xml version="1.0" encoding="utf-8"?>
<Project ToolsVersion="4.0" xmlns="http://schemas.microsoft.com/developer/msbuild/2003">
  <ItemGroup>
    <Filter Include="Source files">
      <UniqueIdentifier>{25870166-c333-4bdd-b8f6-895f03f7c28d}</UniqueIdentifier>
      <Extensions>cpp;c;cc;cxx;def;odl;idl;hpj;bat;asm;asmx</Extensions>
    </Filter>
    <Filter Include="Header files">
      <UniqueIdentifier>{6fdd657e-9a42-4830-96ef-d6731b647888}</UniqueIdentifier>
      <Extensions>h;hpp;hxx;hm;inl;inc;xsd</Extensions>
    </Filter>
    <Filter Include="Resource files">
      <UniqueIdentifier>{67bc73d4-121a-4075-8540-78bfa8b8a6e0}</UniqueIdentifier>
      <Extensions>rc;ico;cur;bmp;dlg;rc2;rct;bin;rgs;gif;jpg;jpeg;jpe;resx;tiff;tif;png;wav</Extensions>
    </Filter>
  </ItemGroup>
  <ItemGroup>
    <None Include="jni\Android.mk" />
    <None Include="jni\Application.mk" />
  </ItemGroup>
  <ItemGroup>
    <ClCompile Include="..\..\..\Utility\EnumStrGenerator\EnumStrGenerator.cpp">
      <Filter>Source files</Filter>
    </ClCompile>
    <ClCompile Include="..\..\..\Utility\IdManager\IdManager.cpp">
      <Filter>Source files</Filter>
    </ClCompile>
    <ClCompile Include="..\..\..\Utility\Math\Matrix3.cpp">
      <Filter>Source files</Filter>
    </ClCompile>
    <ClCompile Include="..\..\..\Utility\Math\Matrix4.cpp">
      <Filter>Source files</Filter>
    </ClCompile>
    <ClCompile Include="..\..\..\Utility\Math\Vector2.cpp">
      <Filter>Source files</Filter>
    </ClCompile>
    <ClCompile Include="..\..\..\Utility\Math\Vector3.cpp">
      <Filter>Source files</Filter>
    </ClCompile>
    <ClCompile Include="..\..\..\Utility\Math\Vector4.cpp">
      <Filter>Source files</Filter>
    </ClCompile>
    <ClCompile Include="..\..\..\Utility\Serializer\Serializer.cpp">
      <Filter>Source files</Filter>
    </ClCompile>
    <ClCompile Include="..\..\..\Utility\StringHelper\StringHelper.cpp">
      <Filter>Source files</Filter>
    </ClCompile>
    <ClCompile Include="..\..\..\Utility\TinyXML\tinystr.cpp">
      <Filter>Source files</Filter>
    </ClCompile>
    <ClCompile Include="..\..\..\Utility\TinyXML\tinyxml.cpp">
      <Filter>Source files</Filter>
    </ClCompile>
    <ClCompile Include="..\..\..\Utility\TinyXML\tinyxmlerror.cpp">
      <Filter>Source files</Filter>
    </ClCompile>
    <ClCompile Include="..\..\..\Utility\TinyXML\tinyxmlparser.cpp">
      <Filter>Source files</Filter>
    </ClCompile>
    <ClCompile Include="..\..\..\Utility\stdafx.cpp">
      <Filter>Source files</Filter>
    </ClCompile>
    <ClCompile Include="..\..\..\Utility\UtilityManager.cpp">
      <Filter>Source files</Filter>
    </ClCompile>
  </ItemGroup>
  <ItemGroup>
    <ClInclude Include="..\..\..\Utility\Serializer\Serializer.hpp">
      <Filter>Source files</Filter>
    </ClInclude>
    <ClInclude Include="..\..\..\Utility\EnumStrGenerator\EnumStrGenerator.h">
      <Filter>Header files</Filter>
    </ClInclude>
    <ClInclude Include="..\..\..\Utility\IdManager\IdManager.h">
      <Filter>Header files</Filter>
    </ClInclude>
    <ClInclude Include="..\..\..\Utility\Math\MathPublic.h">
      <Filter>Header files</Filter>
    </ClInclude>
    <ClInclude Include="..\..\..\Utility\Math\Matrix3.h">
      <Filter>Header files</Filter>
    </ClInclude>
    <ClInclude Include="..\..\..\Utility\Math\Matrix4.h">
      <Filter>Header files</Filter>
    </ClInclude>
    <ClInclude Include="..\..\..\Utility\Serializer\Serializer.h">
      <Filter>Header files</Filter>
    </ClInclude>
    <ClInclude Include="..\..\..\Utility\SharePtr\SharePtr.h">
      <Filter>Header files</Filter>
    </ClInclude>
    <ClInclude Include="..\..\..\Utility\stdafx.h">
      <Filter>Header files</Filter>
    </ClInclude>
    <ClInclude Include="..\..\..\Utility\StringHelper\StringHelper.h">
      <Filter>Header files</Filter>
    </ClInclude>
    <ClInclude Include="..\..\..\Utility\TinyXML\tinystr.h">
      <Filter>Header files</Filter>
    </ClInclude>
    <ClInclude Include="..\..\..\Utility\TinyXML\tinyxml.h">
      <Filter>Header files</Filter>
    </ClInclude>
    <ClInclude Include="..\..\..\Utility\UtilityManager.h">
      <Filter>Header files</Filter>
    </ClInclude>
    <ClInclude Include="..\..\..\Utility\Math\Vector2.h">
      <Filter>Header files</Filter>
    </ClInclude>
    <ClInclude Include="..\..\..\Utility\Math\Vector3.h">
      <Filter>Header files</Filter>
    </ClInclude>
    <ClInclude Include="..\..\..\Utility\Math\Vector4.h">
      <Filter>Header files</Filter>
    </ClInclude>
  </ItemGroup>
</Project>